// !$*UTF8*$!
{
	archiveVersion = 1;
	classes = {
	};
	objectVersion = 46;
	objects = {

/* Begin PBXBuildFile section */
		1907CAFC1AE1808500B0C2F4 /* JFMinimalNotification_Tests.m in Sources */ = {isa = PBXBuildFile; fileRef = 1907CAFB1AE1808500B0C2F4 /* JFMinimalNotification_Tests.m */; };
		1993D9721AE961CE00090768 /* IOKit.framework in Frameworks */ = {isa = PBXBuildFile; fileRef = 1993D96B1AE9619E00090768 /* IOKit.framework */; };
		19C95A5C1AF3B1B800590781 /* DetailViewController.m in Sources */ = {isa = PBXBuildFile; fileRef = 19C95A5B1AF3B1B800590781 /* DetailViewController.m */; };
		1A06FD941A1ABEEF00EC399D /* JFMinimalNotificationArt.m in Sources */ = {isa = PBXBuildFile; fileRef = 1A06FD931A1ABEEF00EC399D /* JFMinimalNotificationArt.m */; };
		1A06FD9A1A1AD6E400EC399D /* UIView+Round.m in Sources */ = {isa = PBXBuildFile; fileRef = 1A06FD991A1AD6E400EC399D /* UIView+Round.m */; };
		1A06FD9D1A1B887300EC399D /* UIColor+JFMinimalNotificationColors.m in Sources */ = {isa = PBXBuildFile; fileRef = 1A06FD9C1A1B887300EC399D /* UIColor+JFMinimalNotificationColors.m */; };
		1A06FDD81A1BB0DC00EC399D /* NSInvocation+Constructors.m in Sources */ = {isa = PBXBuildFile; fileRef = 1A06FDD71A1BB0DC00EC399D /* NSInvocation+Constructors.m */; };
		1A06FDE01A1BF1F300EC399D /* thumbs-up.jpg in Resources */ = {isa = PBXBuildFile; fileRef = 1A06FDDF1A1BF1F300EC399D /* thumbs-up.jpg */; };
		1A06FDE11A1BF7E200EC399D /* CoreGraphics.framework in Frameworks */ = {isa = PBXBuildFile; fileRef = 3F0A975D1735E3E700528BA7 /* CoreGraphics.framework */; };
		3F0A975A1735E3E700528BA7 /* UIKit.framework in Frameworks */ = {isa = PBXBuildFile; fileRef = 3F0A97591735E3E700528BA7 /* UIKit.framework */; };
		3F0A975C1735E3E700528BA7 /* Foundation.framework in Frameworks */ = {isa = PBXBuildFile; fileRef = 3F0A975B1735E3E700528BA7 /* Foundation.framework */; };
		3F0A97641735E3E700528BA7 /* InfoPlist.strings in Resources */ = {isa = PBXBuildFile; fileRef = 3F0A97621735E3E700528BA7 /* InfoPlist.strings */; };
		3F0A97661735E3E700528BA7 /* main.m in Sources */ = {isa = PBXBuildFile; fileRef = 3F0A97651735E3E700528BA7 /* main.m */; };
		3F0A976A1735E3E700528BA7 /* AppDelegate.m in Sources */ = {isa = PBXBuildFile; fileRef = 3F0A97691735E3E700528BA7 /* AppDelegate.m */; };
		3F0A976C1735E3E700528BA7 /* Default.png in Resources */ = {isa = PBXBuildFile; fileRef = 3F0A976B1735E3E700528BA7 /* Default.png */; };
		3F0A976E1735E3E700528BA7 /* Default@2x.png in Resources */ = {isa = PBXBuildFile; fileRef = 3F0A976D1735E3E700528BA7 /* Default@2x.png */; };
		3F0A97701735E3E700528BA7 /* Default-568h@2x.png in Resources */ = {isa = PBXBuildFile; fileRef = 3F0A976F1735E3E700528BA7 /* Default-568h@2x.png */; };
		3F0A97731735E3E700528BA7 /* MainStoryboard.storyboard in Resources */ = {isa = PBXBuildFile; fileRef = 3F0A97711735E3E700528BA7 /* MainStoryboard.storyboard */; };
		3F0A97791735E3E700528BA7 /* ViewController.m in Sources */ = {isa = PBXBuildFile; fileRef = 3F0A97781735E3E700528BA7 /* ViewController.m */; };
		3F0A97861735E4C500528BA7 /* JFMinimalNotification.m in Sources */ = {isa = PBXBuildFile; fileRef = 3F0A97851735E4C500528BA7 /* JFMinimalNotification.m */; };
		3FFDFDEA1AE5D4140023D5FD /* libKIF.a in Frameworks */ = {isa = PBXBuildFile; fileRef = 3FFDFDDF1AE5D3F90023D5FD /* libKIF.a */; };
		3FFDFDEC1AE5D4B80023D5FD /* JFMinimalNotificationUITests.m in Sources */ = {isa = PBXBuildFile; fileRef = 3FFDFDEB1AE5D4B80023D5FD /* JFMinimalNotificationUITests.m */; };
		3FFDFDED1AE5D7A60023D5FD /* CoreGraphics.framework in Frameworks */ = {isa = PBXBuildFile; fileRef = 3F0A975D1735E3E700528BA7 /* CoreGraphics.framework */; };
/* End PBXBuildFile section */

/* Begin PBXContainerItemProxy section */
		1907CAFD1AE1808500B0C2F4 /* PBXContainerItemProxy */ = {
			isa = PBXContainerItemProxy;
			containerPortal = 3F0A974E1735E3E700528BA7 /* Project object */;
			proxyType = 1;
			remoteGlobalIDString = 3F0A97551735E3E700528BA7;
			remoteInfo = JFMinimalNotification;
		};
		3FFDFDDE1AE5D3F90023D5FD /* PBXContainerItemProxy */ = {
			isa = PBXContainerItemProxy;
			containerPortal = 3FFDFDD51AE5D3F90023D5FD /* KIF.xcodeproj */;
			proxyType = 2;
			remoteGlobalIDString = EABD46AA1857A0C700A5F081;
			remoteInfo = KIF;
		};
		3FFDFDE01AE5D3F90023D5FD /* PBXContainerItemProxy */ = {
			isa = PBXContainerItemProxy;
			containerPortal = 3FFDFDD51AE5D3F90023D5FD /* KIF.xcodeproj */;
			proxyType = 2;
			remoteGlobalIDString = EB72047C1680DDAD00278DA2;
			remoteInfo = "KIF-OCUnit";
		};
		3FFDFDE21AE5D3F90023D5FD /* PBXContainerItemProxy */ = {
			isa = PBXContainerItemProxy;
			containerPortal = 3FFDFDD51AE5D3F90023D5FD /* KIF.xcodeproj */;
			proxyType = 2;
			remoteGlobalIDString = EB60ECC1177F8C83005A041A;
			remoteInfo = "Test Host";
		};
		3FFDFDE41AE5D3F90023D5FD /* PBXContainerItemProxy */ = {
			isa = PBXContainerItemProxy;
			containerPortal = 3FFDFDD51AE5D3F90023D5FD /* KIF.xcodeproj */;
			proxyType = 2;
			remoteGlobalIDString = EABD46CD1857A0F300A5F081;
			remoteInfo = "KIF Tests";
		};
		3FFDFDE61AE5D3F90023D5FD /* PBXContainerItemProxy */ = {
			isa = PBXContainerItemProxy;
			containerPortal = 3FFDFDD51AE5D3F90023D5FD /* KIF.xcodeproj */;
			proxyType = 2;
			remoteGlobalIDString = EB60ECEB177F8DB3005A041A;
			remoteInfo = "KIF Tests-OCUnit";
		};
		3FFDFDE81AE5D40F0023D5FD /* PBXContainerItemProxy */ = {
			isa = PBXContainerItemProxy;
			containerPortal = 3FFDFDD51AE5D3F90023D5FD /* KIF.xcodeproj */;
			proxyType = 1;
			remoteGlobalIDString = EABD46791857A0C700A5F081;
			remoteInfo = KIF;
		};
/* End PBXContainerItemProxy section */

/* Begin PBXFileReference section */
		1907CAF71AE1808500B0C2F4 /* JFMinimalNotification Tests.xctest */ = {isa = PBXFileReference; explicitFileType = wrapper.cfbundle; includeInIndex = 0; path = "JFMinimalNotification Tests.xctest"; sourceTree = BUILT_PRODUCTS_DIR; };
		1907CAFA1AE1808500B0C2F4 /* Info.plist */ = {isa = PBXFileReference; lastKnownFileType = text.plist.xml; path = Info.plist; sourceTree = "<group>"; };
		1907CAFB1AE1808500B0C2F4 /* JFMinimalNotification_Tests.m */ = {isa = PBXFileReference; lastKnownFileType = sourcecode.c.objc; path = JFMinimalNotification_Tests.m; sourceTree = "<group>"; };
		1993D96B1AE9619E00090768 /* IOKit.framework */ = {isa = PBXFileReference; lastKnownFileType = wrapper.framework; name = IOKit.framework; path = Platforms/iPhoneSimulator.platform/Developer/SDKs/iPhoneSimulator.sdk/System/Library/Frameworks/IOKit.framework; sourceTree = DEVELOPER_DIR; };
		19C95A5A1AF3B1B800590781 /* DetailViewController.h */ = {isa = PBXFileReference; fileEncoding = 4; lastKnownFileType = sourcecode.c.h; path = DetailViewController.h; sourceTree = "<group>"; };
		19C95A5B1AF3B1B800590781 /* DetailViewController.m */ = {isa = PBXFileReference; fileEncoding = 4; lastKnownFileType = sourcecode.c.objc; path = DetailViewController.m; sourceTree = "<group>"; };
		1A06FD921A1ABEEF00EC399D /* JFMinimalNotificationArt.h */ = {isa = PBXFileReference; fileEncoding = 4; lastKnownFileType = sourcecode.c.h; path = JFMinimalNotificationArt.h; sourceTree = "<group>"; };
		1A06FD931A1ABEEF00EC399D /* JFMinimalNotificationArt.m */ = {isa = PBXFileReference; fileEncoding = 4; lastKnownFileType = sourcecode.c.objc; path = JFMinimalNotificationArt.m; sourceTree = "<group>"; };
		1A06FD981A1AD6E400EC399D /* UIView+Round.h */ = {isa = PBXFileReference; fileEncoding = 4; lastKnownFileType = sourcecode.c.h; path = "UIView+Round.h"; sourceTree = "<group>"; };
		1A06FD991A1AD6E400EC399D /* UIView+Round.m */ = {isa = PBXFileReference; fileEncoding = 4; lastKnownFileType = sourcecode.c.objc; path = "UIView+Round.m"; sourceTree = "<group>"; };
		1A06FD9B1A1B887300EC399D /* UIColor+JFMinimalNotificationColors.h */ = {isa = PBXFileReference; fileEncoding = 4; lastKnownFileType = sourcecode.c.h; path = "UIColor+JFMinimalNotificationColors.h"; sourceTree = "<group>"; };
		1A06FD9C1A1B887300EC399D /* UIColor+JFMinimalNotificationColors.m */ = {isa = PBXFileReference; fileEncoding = 4; lastKnownFileType = sourcecode.c.objc; path = "UIColor+JFMinimalNotificationColors.m"; sourceTree = "<group>"; };
		1A06FDD61A1BB0DC00EC399D /* NSInvocation+Constructors.h */ = {isa = PBXFileReference; fileEncoding = 4; lastKnownFileType = sourcecode.c.h; path = "NSInvocation+Constructors.h"; sourceTree = "<group>"; };
		1A06FDD71A1BB0DC00EC399D /* NSInvocation+Constructors.m */ = {isa = PBXFileReference; fileEncoding = 4; lastKnownFileType = sourcecode.c.objc; path = "NSInvocation+Constructors.m"; sourceTree = "<group>"; };
		1A06FDDF1A1BF1F300EC399D /* thumbs-up.jpg */ = {isa = PBXFileReference; lastKnownFileType = image.jpeg; path = "thumbs-up.jpg"; sourceTree = "<group>"; };
		3F0A97561735E3E700528BA7 /* JFMinimalNotification.app */ = {isa = PBXFileReference; explicitFileType = wrapper.application; includeInIndex = 0; path = JFMinimalNotification.app; sourceTree = BUILT_PRODUCTS_DIR; };
		3F0A97591735E3E700528BA7 /* UIKit.framework */ = {isa = PBXFileReference; lastKnownFileType = wrapper.framework; name = UIKit.framework; path = System/Library/Frameworks/UIKit.framework; sourceTree = SDKROOT; };
		3F0A975B1735E3E700528BA7 /* Foundation.framework */ = {isa = PBXFileReference; lastKnownFileType = wrapper.framework; name = Foundation.framework; path = System/Library/Frameworks/Foundation.framework; sourceTree = SDKROOT; };
		3F0A975D1735E3E700528BA7 /* CoreGraphics.framework */ = {isa = PBXFileReference; lastKnownFileType = wrapper.framework; name = CoreGraphics.framework; path = System/Library/Frameworks/CoreGraphics.framework; sourceTree = SDKROOT; };
		3F0A97611735E3E700528BA7 /* JFMinimalNotification-Info.plist */ = {isa = PBXFileReference; lastKnownFileType = text.plist.xml; path = "JFMinimalNotification-Info.plist"; sourceTree = "<group>"; };
		3F0A97631735E3E700528BA7 /* en */ = {isa = PBXFileReference; lastKnownFileType = text.plist.strings; name = en; path = en.lproj/InfoPlist.strings; sourceTree = "<group>"; };
		3F0A97651735E3E700528BA7 /* main.m */ = {isa = PBXFileReference; lastKnownFileType = sourcecode.c.objc; path = main.m; sourceTree = "<group>"; };
		3F0A97671735E3E700528BA7 /* JFMinimalNotification-Prefix.pch */ = {isa = PBXFileReference; lastKnownFileType = sourcecode.c.h; path = "JFMinimalNotification-Prefix.pch"; sourceTree = "<group>"; };
		3F0A97681735E3E700528BA7 /* AppDelegate.h */ = {isa = PBXFileReference; lastKnownFileType = sourcecode.c.h; path = AppDelegate.h; sourceTree = "<group>"; };
		3F0A97691735E3E700528BA7 /* AppDelegate.m */ = {isa = PBXFileReference; lastKnownFileType = sourcecode.c.objc; path = AppDelegate.m; sourceTree = "<group>"; };
		3F0A976B1735E3E700528BA7 /* Default.png */ = {isa = PBXFileReference; lastKnownFileType = image.png; path = Default.png; sourceTree = "<group>"; };
		3F0A976D1735E3E700528BA7 /* Default@2x.png */ = {isa = PBXFileReference; lastKnownFileType = image.png; path = "Default@2x.png"; sourceTree = "<group>"; };
		3F0A976F1735E3E700528BA7 /* Default-568h@2x.png */ = {isa = PBXFileReference; lastKnownFileType = image.png; path = "Default-568h@2x.png"; sourceTree = "<group>"; };
		3F0A97721735E3E700528BA7 /* en */ = {isa = PBXFileReference; lastKnownFileType = file.storyboard; name = en; path = en.lproj/MainStoryboard.storyboard; sourceTree = "<group>"; };
		3F0A97771735E3E700528BA7 /* ViewController.h */ = {isa = PBXFileReference; lastKnownFileType = sourcecode.c.h; path = ViewController.h; sourceTree = "<group>"; };
		3F0A97781735E3E700528BA7 /* ViewController.m */ = {isa = PBXFileReference; lastKnownFileType = sourcecode.c.objc; path = ViewController.m; sourceTree = "<group>"; };
		3F0A97841735E4C500528BA7 /* JFMinimalNotification.h */ = {isa = PBXFileReference; fileEncoding = 4; lastKnownFileType = sourcecode.c.h; path = JFMinimalNotification.h; sourceTree = "<group>"; };
		3F0A97851735E4C500528BA7 /* JFMinimalNotification.m */ = {isa = PBXFileReference; fileEncoding = 4; lastKnownFileType = sourcecode.c.objc; path = JFMinimalNotification.m; sourceTree = "<group>"; };
		3F0A97871736C4C700528BA7 /* QuartzCore.framework */ = {isa = PBXFileReference; lastKnownFileType = wrapper.framework; name = QuartzCore.framework; path = System/Library/Frameworks/QuartzCore.framework; sourceTree = SDKROOT; };
		3FFDFDD51AE5D3F90023D5FD /* KIF.xcodeproj */ = {isa = PBXFileReference; lastKnownFileType = "wrapper.pb-project"; path = KIF.xcodeproj; sourceTree = "<group>"; };
		3FFDFDEB1AE5D4B80023D5FD /* JFMinimalNotificationUITests.m */ = {isa = PBXFileReference; fileEncoding = 4; lastKnownFileType = sourcecode.c.objc; path = JFMinimalNotificationUITests.m; sourceTree = "<group>"; };
		3FFDFDEE1AE5D7D00023D5FD /* libTelephonyIOKitDynamic.dylib */ = {isa = PBXFileReference; lastKnownFileType = "compiled.mach-o.dylib"; name = libTelephonyIOKitDynamic.dylib; path = usr/lib/libTelephonyIOKitDynamic.dylib; sourceTree = SDKROOT; };
		3FFDFDF01AE5D8D40023D5FD /* IOKit.framework */ = {isa = PBXFileReference; lastKnownFileType = wrapper.framework; name = IOKit.framework; path = Platforms/iPhoneOS.platform/Developer/SDKs/iPhoneOS.sdk/System/Library/Frameworks/IOKit.framework; sourceTree = DEVELOPER_DIR; };
/* End PBXFileReference section */

/* Begin PBXFrameworksBuildPhase section */
		1907CAF41AE1808500B0C2F4 /* Frameworks */ = {
			isa = PBXFrameworksBuildPhase;
			buildActionMask = 2147483647;
			files = (
				3FFDFDED1AE5D7A60023D5FD /* CoreGraphics.framework in Frameworks */,
				3FFDFDEA1AE5D4140023D5FD /* libKIF.a in Frameworks */,
				1993D9721AE961CE00090768 /* IOKit.framework in Frameworks */,
			);
			runOnlyForDeploymentPostprocessing = 0;
		};
		3F0A97531735E3E700528BA7 /* Frameworks */ = {
			isa = PBXFrameworksBuildPhase;
			buildActionMask = 2147483647;
			files = (
				1A06FDE11A1BF7E200EC399D /* CoreGraphics.framework in Frameworks */,
				3F0A975A1735E3E700528BA7 /* UIKit.framework in Frameworks */,
				3F0A975C1735E3E700528BA7 /* Foundation.framework in Frameworks */,
			);
			runOnlyForDeploymentPostprocessing = 0;
		};
/* End PBXFrameworksBuildPhase section */

/* Begin PBXGroup section */
		1907CAF81AE1808500B0C2F4 /* JFMinimalNotification Tests */ = {
			isa = PBXGroup;
			children = (
				3FFDFC451AE5D3A90023D5FD /* UI Automation */,
				1907CAFB1AE1808500B0C2F4 /* JFMinimalNotification_Tests.m */,
				1907CAF91AE1808500B0C2F4 /* Supporting Files */,
			);
			path = "JFMinimalNotification Tests";
			sourceTree = "<group>";
		};
		1907CAF91AE1808500B0C2F4 /* Supporting Files */ = {
			isa = PBXGroup;
			children = (
				1907CAFA1AE1808500B0C2F4 /* Info.plist */,
			);
			name = "Supporting Files";
			sourceTree = "<group>";
		};
		3F0A974D1735E3E700528BA7 = {
			isa = PBXGroup;
			children = (
				3FFDFC461AE5D3B90023D5FD /* Vendor */,
				3F0A975F1735E3E700528BA7 /* JFMinimalNotification */,
				1907CAF81AE1808500B0C2F4 /* JFMinimalNotification Tests */,
				3F0A97581735E3E700528BA7 /* Frameworks */,
				3F0A97571735E3E700528BA7 /* Products */,
			);
			sourceTree = "<group>";
		};
		3F0A97571735E3E700528BA7 /* Products */ = {
			isa = PBXGroup;
			children = (
				3F0A97561735E3E700528BA7 /* JFMinimalNotification.app */,
				1907CAF71AE1808500B0C2F4 /* JFMinimalNotification Tests.xctest */,
			);
			name = Products;
			sourceTree = "<group>";
		};
		3F0A97581735E3E700528BA7 /* Frameworks */ = {
			isa = PBXGroup;
			children = (
				1993D96B1AE9619E00090768 /* IOKit.framework */,
				3FFDFDF01AE5D8D40023D5FD /* IOKit.framework */,
				3FFDFDEE1AE5D7D00023D5FD /* libTelephonyIOKitDynamic.dylib */,
				3F0A97871736C4C700528BA7 /* QuartzCore.framework */,
				3F0A97591735E3E700528BA7 /* UIKit.framework */,
				3F0A975B1735E3E700528BA7 /* Foundation.framework */,
				3F0A975D1735E3E700528BA7 /* CoreGraphics.framework */,
			);
			name = Frameworks;
			sourceTree = "<group>";
		};
		3F0A975F1735E3E700528BA7 /* JFMinimalNotification */ = {
			isa = PBXGroup;
			children = (
				3F0A97831735E4C500528BA7 /* JFMinimalNotification */,
				3F0A97681735E3E700528BA7 /* AppDelegate.h */,
				3F0A97691735E3E700528BA7 /* AppDelegate.m */,
				3F0A97771735E3E700528BA7 /* ViewController.h */,
				3F0A97781735E3E700528BA7 /* ViewController.m */,
				19C95A5A1AF3B1B800590781 /* DetailViewController.h */,
				19C95A5B1AF3B1B800590781 /* DetailViewController.m */,
				3F0A97711735E3E700528BA7 /* MainStoryboard.storyboard */,
				3F0A97601735E3E700528BA7 /* Supporting Files */,
			);
			path = JFMinimalNotification;
			sourceTree = "<group>";
		};
		3F0A97601735E3E700528BA7 /* Supporting Files */ = {
			isa = PBXGroup;
			children = (
				1A06FDDF1A1BF1F300EC399D /* thumbs-up.jpg */,
				3F0A97611735E3E700528BA7 /* JFMinimalNotification-Info.plist */,
				3F0A97621735E3E700528BA7 /* InfoPlist.strings */,
				3F0A97651735E3E700528BA7 /* main.m */,
				3F0A97671735E3E700528BA7 /* JFMinimalNotification-Prefix.pch */,
				3F0A976B1735E3E700528BA7 /* Default.png */,
				3F0A976D1735E3E700528BA7 /* Default@2x.png */,
				3F0A976F1735E3E700528BA7 /* Default-568h@2x.png */,
			);
			name = "Supporting Files";
			sourceTree = "<group>";
		};
		3F0A97831735E4C500528BA7 /* JFMinimalNotification */ = {
			isa = PBXGroup;
			children = (
				3F0A97841735E4C500528BA7 /* JFMinimalNotification.h */,
				3F0A97851735E4C500528BA7 /* JFMinimalNotification.m */,
				1A06FD921A1ABEEF00EC399D /* JFMinimalNotificationArt.h */,
				1A06FD931A1ABEEF00EC399D /* JFMinimalNotificationArt.m */,
				1A06FDD61A1BB0DC00EC399D /* NSInvocation+Constructors.h */,
				1A06FDD71A1BB0DC00EC399D /* NSInvocation+Constructors.m */,
				1A06FD981A1AD6E400EC399D /* UIView+Round.h */,
				1A06FD991A1AD6E400EC399D /* UIView+Round.m */,
				1A06FD9B1A1B887300EC399D /* UIColor+JFMinimalNotificationColors.h */,
				1A06FD9C1A1B887300EC399D /* UIColor+JFMinimalNotificationColors.m */,
			);
			name = JFMinimalNotification;
			path = ../../JFMinimalNotification;
			sourceTree = "<group>";
		};
		3FFDFC451AE5D3A90023D5FD /* UI Automation */ = {
			isa = PBXGroup;
			children = (
				3FFDFDEB1AE5D4B80023D5FD /* JFMinimalNotificationUITests.m */,
			);
			path = "UI Automation";
			sourceTree = "<group>";
		};
		3FFDFC461AE5D3B90023D5FD /* Vendor */ = {
			isa = PBXGroup;
			children = (
				3FFDFC471AE5D3B90023D5FD /* KIF */,
			);
			path = Vendor;
			sourceTree = "<group>";
		};
		3FFDFC471AE5D3B90023D5FD /* KIF */ = {
			isa = PBXGroup;
			children = (
				3FFDFDD51AE5D3F90023D5FD /* KIF.xcodeproj */,
			);
			path = KIF;
			sourceTree = "<group>";
		};
		3FFDFDD61AE5D3F90023D5FD /* Products */ = {
			isa = PBXGroup;
			children = (
				3FFDFDDF1AE5D3F90023D5FD /* libKIF.a */,
				3FFDFDE11AE5D3F90023D5FD /* libKIF-OCUnit.a */,
				3FFDFDE31AE5D3F90023D5FD /* Test Host.app */,
				3FFDFDE51AE5D3F90023D5FD /* KIF Tests - XCTest.xctest */,
				3FFDFDE71AE5D3F90023D5FD /* KIF Tests-OCUnit.octest */,
			);
			name = Products;
			sourceTree = "<group>";
		};
/* End PBXGroup section */

/* Begin PBXNativeTarget section */
		1907CAF61AE1808500B0C2F4 /* JFMinimalNotification Tests */ = {
			isa = PBXNativeTarget;
			buildConfigurationList = 1907CB011AE1808500B0C2F4 /* Build configuration list for PBXNativeTarget "JFMinimalNotification Tests" */;
			buildPhases = (
				1907CAF31AE1808500B0C2F4 /* Sources */,
				1907CAF41AE1808500B0C2F4 /* Frameworks */,
				1907CAF51AE1808500B0C2F4 /* Resources */,
			);
			buildRules = (
			);
			dependencies = (
				3FFDFDE91AE5D40F0023D5FD /* PBXTargetDependency */,
				1907CAFE1AE1808500B0C2F4 /* PBXTargetDependency */,
			);
			name = "JFMinimalNotification Tests";
			productName = "JFMinimalNotification Tests";
			productReference = 1907CAF71AE1808500B0C2F4 /* JFMinimalNotification Tests.xctest */;
			productType = "com.apple.product-type.bundle.unit-test";
		};
		3F0A97551735E3E700528BA7 /* JFMinimalNotification */ = {
			isa = PBXNativeTarget;
			buildConfigurationList = 3F0A977C1735E3E700528BA7 /* Build configuration list for PBXNativeTarget "JFMinimalNotification" */;
			buildPhases = (
				3F0A97521735E3E700528BA7 /* Sources */,
				3F0A97531735E3E700528BA7 /* Frameworks */,
				3F0A97541735E3E700528BA7 /* Resources */,
			);
			buildRules = (
			);
			dependencies = (
			);
			name = JFMinimalNotification;
			productName = JFMinimalNotification;
			productReference = 3F0A97561735E3E700528BA7 /* JFMinimalNotification.app */;
			productType = "com.apple.product-type.application";
		};
/* End PBXNativeTarget section */

/* Begin PBXProject section */
		3F0A974E1735E3E700528BA7 /* Project object */ = {
			isa = PBXProject;
			attributes = {
				LastUpgradeCheck = 0460;
				ORGANIZATIONNAME = "Jeremy Fox";
				TargetAttributes = {
					1907CAF61AE1808500B0C2F4 = {
						CreatedOnToolsVersion = 6.3;
						TestTargetID = 3F0A97551735E3E700528BA7;
					};
				};
			};
			buildConfigurationList = 3F0A97511735E3E700528BA7 /* Build configuration list for PBXProject "JFMinimalNotification" */;
			compatibilityVersion = "Xcode 3.2";
			developmentRegion = English;
			hasScannedForEncodings = 0;
			knownRegions = (
				en,
				Base,
			);
			mainGroup = 3F0A974D1735E3E700528BA7;
			productRefGroup = 3F0A97571735E3E700528BA7 /* Products */;
			projectDirPath = "";
			projectReferences = (
				{
					ProductGroup = 3FFDFDD61AE5D3F90023D5FD /* Products */;
					ProjectRef = 3FFDFDD51AE5D3F90023D5FD /* KIF.xcodeproj */;
				},
			);
			projectRoot = "";
			targets = (
				3F0A97551735E3E700528BA7 /* JFMinimalNotification */,
				1907CAF61AE1808500B0C2F4 /* JFMinimalNotification Tests */,
			);
		};
/* End PBXProject section */

/* Begin PBXReferenceProxy section */
		3FFDFDDF1AE5D3F90023D5FD /* libKIF.a */ = {
			isa = PBXReferenceProxy;
			fileType = archive.ar;
			path = libKIF.a;
			remoteRef = 3FFDFDDE1AE5D3F90023D5FD /* PBXContainerItemProxy */;
			sourceTree = BUILT_PRODUCTS_DIR;
		};
		3FFDFDE11AE5D3F90023D5FD /* libKIF-OCUnit.a */ = {
			isa = PBXReferenceProxy;
			fileType = archive.ar;
			path = "libKIF-OCUnit.a";
			remoteRef = 3FFDFDE01AE5D3F90023D5FD /* PBXContainerItemProxy */;
			sourceTree = BUILT_PRODUCTS_DIR;
		};
		3FFDFDE31AE5D3F90023D5FD /* Test Host.app */ = {
			isa = PBXReferenceProxy;
			fileType = wrapper.application;
			path = "Test Host.app";
			remoteRef = 3FFDFDE21AE5D3F90023D5FD /* PBXContainerItemProxy */;
			sourceTree = BUILT_PRODUCTS_DIR;
		};
		3FFDFDE51AE5D3F90023D5FD /* KIF Tests - XCTest.xctest */ = {
			isa = PBXReferenceProxy;
			fileType = wrapper.cfbundle;
			path = "KIF Tests - XCTest.xctest";
			remoteRef = 3FFDFDE41AE5D3F90023D5FD /* PBXContainerItemProxy */;
			sourceTree = BUILT_PRODUCTS_DIR;
		};
		3FFDFDE71AE5D3F90023D5FD /* KIF Tests-OCUnit.octest */ = {
			isa = PBXReferenceProxy;
			fileType = wrapper.cfbundle;
			path = "KIF Tests-OCUnit.octest";
			remoteRef = 3FFDFDE61AE5D3F90023D5FD /* PBXContainerItemProxy */;
			sourceTree = BUILT_PRODUCTS_DIR;
		};
/* End PBXReferenceProxy section */

/* Begin PBXResourcesBuildPhase section */
		1907CAF51AE1808500B0C2F4 /* Resources */ = {
			isa = PBXResourcesBuildPhase;
			buildActionMask = 2147483647;
			files = (
			);
			runOnlyForDeploymentPostprocessing = 0;
		};
		3F0A97541735E3E700528BA7 /* Resources */ = {
			isa = PBXResourcesBuildPhase;
			buildActionMask = 2147483647;
			files = (
				3F0A97641735E3E700528BA7 /* InfoPlist.strings in Resources */,
				3F0A976C1735E3E700528BA7 /* Default.png in Resources */,
				3F0A976E1735E3E700528BA7 /* Default@2x.png in Resources */,
				3F0A97701735E3E700528BA7 /* Default-568h@2x.png in Resources */,
				3F0A97731735E3E700528BA7 /* MainStoryboard.storyboard in Resources */,
				1A06FDE01A1BF1F300EC399D /* thumbs-up.jpg in Resources */,
			);
			runOnlyForDeploymentPostprocessing = 0;
		};
/* End PBXResourcesBuildPhase section */

/* Begin PBXSourcesBuildPhase section */
		1907CAF31AE1808500B0C2F4 /* Sources */ = {
			isa = PBXSourcesBuildPhase;
			buildActionMask = 2147483647;
			files = (
				3FFDFDEC1AE5D4B80023D5FD /* JFMinimalNotificationUITests.m in Sources */,
				1907CAFC1AE1808500B0C2F4 /* JFMinimalNotification_Tests.m in Sources */,
			);
			runOnlyForDeploymentPostprocessing = 0;
		};
		3F0A97521735E3E700528BA7 /* Sources */ = {
			isa = PBXSourcesBuildPhase;
			buildActionMask = 2147483647;
			files = (
				3F0A97661735E3E700528BA7 /* main.m in Sources */,
				3F0A976A1735E3E700528BA7 /* AppDelegate.m in Sources */,
				19C95A5C1AF3B1B800590781 /* DetailViewController.m in Sources */,
				3F0A97791735E3E700528BA7 /* ViewController.m in Sources */,
				1A06FD9A1A1AD6E400EC399D /* UIView+Round.m in Sources */,
				1A06FD941A1ABEEF00EC399D /* JFMinimalNotificationArt.m in Sources */,
				1A06FDD81A1BB0DC00EC399D /* NSInvocation+Constructors.m in Sources */,
				3F0A97861735E4C500528BA7 /* JFMinimalNotification.m in Sources */,
				1A06FD9D1A1B887300EC399D /* UIColor+JFMinimalNotificationColors.m in Sources */,
			);
			runOnlyForDeploymentPostprocessing = 0;
		};
/* End PBXSourcesBuildPhase section */

/* Begin PBXTargetDependency section */
		1907CAFE1AE1808500B0C2F4 /* PBXTargetDependency */ = {
			isa = PBXTargetDependency;
			target = 3F0A97551735E3E700528BA7 /* JFMinimalNotification */;
			targetProxy = 1907CAFD1AE1808500B0C2F4 /* PBXContainerItemProxy */;
		};
		3FFDFDE91AE5D40F0023D5FD /* PBXTargetDependency */ = {
			isa = PBXTargetDependency;
			name = KIF;
			targetProxy = 3FFDFDE81AE5D40F0023D5FD /* PBXContainerItemProxy */;
		};
/* End PBXTargetDependency section */

/* Begin PBXVariantGroup section */
		3F0A97621735E3E700528BA7 /* InfoPlist.strings */ = {
			isa = PBXVariantGroup;
			children = (
				3F0A97631735E3E700528BA7 /* en */,
			);
			name = InfoPlist.strings;
			sourceTree = "<group>";
		};
		3F0A97711735E3E700528BA7 /* MainStoryboard.storyboard */ = {
			isa = PBXVariantGroup;
			children = (
				3F0A97721735E3E700528BA7 /* en */,
			);
			name = MainStoryboard.storyboard;
			sourceTree = "<group>";
		};
/* End PBXVariantGroup section */

/* Begin XCBuildConfiguration section */
		1907CAFF1AE1808500B0C2F4 /* Debug */ = {
			isa = XCBuildConfiguration;
			buildSettings = {
				BUNDLE_LOADER = "$(TEST_HOST)";
				CLANG_ENABLE_MODULES = YES;
				CLANG_WARN_BOOL_CONVERSION = YES;
				CLANG_WARN_DIRECT_OBJC_ISA_USAGE = YES_ERROR;
				CLANG_WARN_OBJC_ROOT_CLASS = YES_ERROR;
				CLANG_WARN_UNREACHABLE_CODE = YES;
				DEBUG_INFORMATION_FORMAT = "dwarf-with-dsym";
				ENABLE_STRICT_OBJC_MSGSEND = YES;
				FRAMEWORK_SEARCH_PATHS = (
					"$(SDKROOT)/Developer/Library/Frameworks",
					"$(inherited)",
					"$(PROJECT_DIR)/Vendor",
					"$(DEVELOPER_DIR)/Platforms/iPhoneSimulator.platform/Developer/SDKs/iPhoneSimulator.sdk/System/Library/Frameworks",
				);
				GCC_NO_COMMON_BLOCKS = YES;
				GCC_PREPROCESSOR_DEFINITIONS = (
					"DEBUG=1",
					"$(inherited)",
				);
				GCC_WARN_64_TO_32_BIT_CONVERSION = YES;
				GCC_WARN_ABOUT_RETURN_TYPE = YES_ERROR;
				GCC_WARN_UNDECLARED_SELECTOR = YES;
				GCC_WARN_UNINITIALIZED_AUTOS = YES_AGGRESSIVE;
				GCC_WARN_UNUSED_FUNCTION = YES;
				INFOPLIST_FILE = "JFMinimalNotification Tests/Info.plist";
				IPHONEOS_DEPLOYMENT_TARGET = 8.3;
				LD_RUNPATH_SEARCH_PATHS = "$(inherited) @executable_path/Frameworks @loader_path/Frameworks";
				MTL_ENABLE_DEBUG_INFO = YES;
				ONLY_ACTIVE_ARCH = YES;
				OTHER_LDFLAGS = (
					"$(inherited)",
					"-framework",
					XCTest,
					"-ObjC",
				);
				PRODUCT_NAME = "$(TARGET_NAME)";
				TEST_HOST = "$(BUILT_PRODUCTS_DIR)/JFMinimalNotification.app/JFMinimalNotification";
			};
			name = Debug;
		};
		1907CB001AE1808500B0C2F4 /* Release */ = {
			isa = XCBuildConfiguration;
			buildSettings = {
				BUNDLE_LOADER = "$(TEST_HOST)";
				CLANG_ENABLE_MODULES = YES;
				CLANG_WARN_BOOL_CONVERSION = YES;
				CLANG_WARN_DIRECT_OBJC_ISA_USAGE = YES_ERROR;
				CLANG_WARN_OBJC_ROOT_CLASS = YES_ERROR;
				CLANG_WARN_UNREACHABLE_CODE = YES;
				COPY_PHASE_STRIP = NO;
				DEBUG_INFORMATION_FORMAT = "dwarf-with-dsym";
				ENABLE_NS_ASSERTIONS = NO;
				ENABLE_STRICT_OBJC_MSGSEND = YES;
				FRAMEWORK_SEARCH_PATHS = (
					"$(SDKROOT)/Developer/Library/Frameworks",
					"$(inherited)",
					"$(PROJECT_DIR)/Vendor",
					"$(DEVELOPER_DIR)/Platforms/iPhoneSimulator.platform/Developer/SDKs/iPhoneSimulator.sdk/System/Library/Frameworks",
				);
				GCC_NO_COMMON_BLOCKS = YES;
				GCC_WARN_64_TO_32_BIT_CONVERSION = YES;
				GCC_WARN_ABOUT_RETURN_TYPE = YES_ERROR;
				GCC_WARN_UNDECLARED_SELECTOR = YES;
				GCC_WARN_UNINITIALIZED_AUTOS = YES_AGGRESSIVE;
				GCC_WARN_UNUSED_FUNCTION = YES;
				INFOPLIST_FILE = "JFMinimalNotification Tests/Info.plist";
				IPHONEOS_DEPLOYMENT_TARGET = 8.3;
				LD_RUNPATH_SEARCH_PATHS = "$(inherited) @executable_path/Frameworks @loader_path/Frameworks";
				MTL_ENABLE_DEBUG_INFO = NO;
				OTHER_LDFLAGS = (
					"$(inherited)",
					"-framework",
					XCTest,
					"-ObjC",
				);
				PRODUCT_NAME = "$(TARGET_NAME)";
				TEST_HOST = "$(BUILT_PRODUCTS_DIR)/JFMinimalNotification.app/JFMinimalNotification";
			};
			name = Release;
		};
		3F0A977A1735E3E700528BA7 /* Debug */ = {
			isa = XCBuildConfiguration;
			buildSettings = {
				ALWAYS_SEARCH_USER_PATHS = NO;
				CLANG_CXX_LANGUAGE_STANDARD = "gnu++0x";
				CLANG_CXX_LIBRARY = "libc++";
				CLANG_ENABLE_OBJC_ARC = YES;
				CLANG_WARN_CONSTANT_CONVERSION = YES;
				CLANG_WARN_EMPTY_BODY = YES;
				CLANG_WARN_ENUM_CONVERSION = YES;
				CLANG_WARN_INT_CONVERSION = YES;
				CLANG_WARN__DUPLICATE_METHOD_MATCH = YES;
				"CODE_SIGN_IDENTITY[sdk=iphoneos*]" = "iPhone Developer";
				COPY_PHASE_STRIP = NO;
				GCC_C_LANGUAGE_STANDARD = gnu99;
				GCC_DYNAMIC_NO_PIC = NO;
				GCC_OPTIMIZATION_LEVEL = 0;
				GCC_PREPROCESSOR_DEFINITIONS = (
					"DEBUG=1",
					"$(inherited)",
				);
				GCC_SYMBOLS_PRIVATE_EXTERN = NO;
				GCC_WARN_ABOUT_RETURN_TYPE = YES;
				GCC_WARN_UNINITIALIZED_AUTOS = YES;
				GCC_WARN_UNUSED_VARIABLE = YES;
				IPHONEOS_DEPLOYMENT_TARGET = 6.1;
				ONLY_ACTIVE_ARCH = YES;
				SDKROOT = iphoneos;
				TARGETED_DEVICE_FAMILY = "1,2";
			};
			name = Debug;
		};
		3F0A977B1735E3E700528BA7 /* Release */ = {
			isa = XCBuildConfiguration;
			buildSettings = {
				ALWAYS_SEARCH_USER_PATHS = NO;
				CLANG_CXX_LANGUAGE_STANDARD = "gnu++0x";
				CLANG_CXX_LIBRARY = "libc++";
				CLANG_ENABLE_OBJC_ARC = YES;
				CLANG_WARN_CONSTANT_CONVERSION = YES;
				CLANG_WARN_EMPTY_BODY = YES;
				CLANG_WARN_ENUM_CONVERSION = YES;
				CLANG_WARN_INT_CONVERSION = YES;
				CLANG_WARN__DUPLICATE_METHOD_MATCH = YES;
				"CODE_SIGN_IDENTITY[sdk=iphoneos*]" = "iPhone Developer";
				COPY_PHASE_STRIP = YES;
				GCC_C_LANGUAGE_STANDARD = gnu99;
				GCC_WARN_ABOUT_RETURN_TYPE = YES;
				GCC_WARN_UNINITIALIZED_AUTOS = YES;
				GCC_WARN_UNUSED_VARIABLE = YES;
				IPHONEOS_DEPLOYMENT_TARGET = 6.1;
				OTHER_CFLAGS = "-DNS_BLOCK_ASSERTIONS=1";
				SDKROOT = iphoneos;
				TARGETED_DEVICE_FAMILY = "1,2";
				VALIDATE_PRODUCT = YES;
			};
			name = Release;
		};
		3F0A977D1735E3E700528BA7 /* Debug */ = {
			isa = XCBuildConfiguration;
			buildSettings = {
				CLANG_ENABLE_MODULES = YES;
				CODE_SIGN_IDENTITY = "iPhone Developer";
				FRAMEWORK_SEARCH_PATHS = (
					"$(inherited)",
					"$(DEVELOPER_DIR)/Platforms/iPhoneSimulator.platform/Developer/SDKs/iPhoneSimulator.sdk/System/Library/Frameworks",
				);
				GCC_PRECOMPILE_PREFIX_HEADER = YES;
				GCC_PREFIX_HEADER = "JFMinimalNotification/JFMinimalNotification-Prefix.pch";
				INFOPLIST_FILE = "JFMinimalNotification/JFMinimalNotification-Info.plist";
				IPHONEOS_DEPLOYMENT_TARGET = 7.0;
				PRODUCT_NAME = "$(TARGET_NAME)";
				WRAPPER_EXTENSION = app;
			};
			name = Debug;
		};
		3F0A977E1735E3E700528BA7 /* Release */ = {
			isa = XCBuildConfiguration;
			buildSettings = {
				CLANG_ENABLE_MODULES = YES;
				CODE_SIGN_IDENTITY = "iPhone Developer";
				FRAMEWORK_SEARCH_PATHS = (
					"$(inherited)",
					"$(DEVELOPER_DIR)/Platforms/iPhoneSimulator.platform/Developer/SDKs/iPhoneSimulator.sdk/System/Library/Frameworks",
				);
				GCC_PRECOMPILE_PREFIX_HEADER = YES;
				GCC_PREFIX_HEADER = "JFMinimalNotification/JFMinimalNotification-Prefix.pch";
				INFOPLIST_FILE = "JFMinimalNotification/JFMinimalNotification-Info.plist";
				IPHONEOS_DEPLOYMENT_TARGET = 7.0;
				PRODUCT_NAME = "$(TARGET_NAME)";
				WRAPPER_EXTENSION = app;
			};
			name = Release;
		};
/* End XCBuildConfiguration section */

/* Begin XCConfigurationList section */
		1907CB011AE1808500B0C2F4 /* Build configuration list for PBXNativeTarget "JFMinimalNotification Tests" */ = {
			isa = XCConfigurationList;
			buildConfigurations = (
				1907CAFF1AE1808500B0C2F4 /* Debug */,
				1907CB001AE1808500B0C2F4 /* Release */,
			);
			defaultConfigurationIsVisible = 0;
			defaultConfigurationName = Release;
		};
		3F0A97511735E3E700528BA7 /* Build configuration list for PBXProject "JFMinimalNotification" */ = {
			isa = XCConfigurationList;
			buildConfigurations = (
				3F0A977A1735E3E700528BA7 /* Debug */,
				3F0A977B1735E3E700528BA7 /* Release */,
			);
			defaultConfigurationIsVisible = 0;
			defaultConfigurationName = Release;
		};
		3F0A977C1735E3E700528BA7 /* Build configuration list for PBXNativeTarget "JFMinimalNotification" */ = {
			isa = XCConfigurationList;
			buildConfigurations = (
				3F0A977D1735E3E700528BA7 /* Debug */,
				3F0A977E1735E3E700528BA7 /* Release */,
			);
			defaultConfigurationIsVisible = 0;
			defaultConfigurationName = Release;
		};
/* End XCConfigurationList section */
	};
	rootObject = 3F0A974E1735E3E700528BA7 /* Project object */;
}
